
Microsoft Visual Studio Solution File, Format Version 12.00
# Visual Studio Version 17
VisualStudioVersion = 17.1.32414.318
MinimumVisualStudioVersion = 10.0.40219.1
Project("{FAE04EC0-301F-11D3-BF4B-00C04F79EFBC}") = "UC5_Parameter_Constructor", "UC5_Parameter_Constructor.csproj", "{B54BC31B-F9A2-4128-A8D3-68E4DD5CC784}"
EndProject
Global
	GlobalSection(SolutionConfigurationPlatforms) = preSolution
		Debug|Any CPU = Debug|Any CPU
		Release|Any CPU = Release|Any CPU
	EndGlobalSection
	GlobalSection(ProjectConfigurationPlatforms) = postSolution
		{B54BC31B-F9A2-4128-A8D3-68E4DD5CC784}.Debug|Any CPU.ActiveCfg = Debug|Any CPU
		{B54BC31B-F9A2-4128-A8D3-68E4DD5CC784}.Debug|Any CPU.Build.0 = Debug|Any CPU
		{B54BC31B-F9A2-4128-A8D3-68E4DD5CC784}.Release|Any CPU.ActiveCfg = Release|Any CPU
		{B54BC31B-F9A2-4128-A8D3-68E4DD5CC784}.Release|Any CPU.Build.0 = Release|Any CPU
	EndGlobalSection
	GlobalSection(SolutionProperties) = preSolution
		HideSolutionNode = FALSE
	EndGlobalSection
	GlobalSection(ExtensibilityGlobals) = postSolution
		SolutionGuid = {0A8FE770-6C28-4DF2-BCDD-C909369EEA40}
	EndGlobalSection
EndGlobal
