
Microsoft Visual Studio Solution File, Format Version 12.00
# Visual Studio Version 17
VisualStudioVersion = 17.1.32414.318
MinimumVisualStudioVersion = 10.0.40219.1
Project("{FAE04EC0-301F-11D3-BF4B-00C04F79EFBC}") = "UC1_Test_Case", "UC1_Test_Case.csproj", "{B44A08BE-0DBC-4B8A-A069-86FDF190C38E}"
EndProject
Global
	GlobalSection(SolutionConfigurationPlatforms) = preSolution
		Debug|Any CPU = Debug|Any CPU
		Release|Any CPU = Release|Any CPU
	EndGlobalSection
	GlobalSection(ProjectConfigurationPlatforms) = postSolution
		{B44A08BE-0DBC-4B8A-A069-86FDF190C38E}.Debug|Any CPU.ActiveCfg = Debug|Any CPU
		{B44A08BE-0DBC-4B8A-A069-86FDF190C38E}.Debug|Any CPU.Build.0 = Debug|Any CPU
		{B44A08BE-0DBC-4B8A-A069-86FDF190C38E}.Release|Any CPU.ActiveCfg = Release|Any CPU
		{B44A08BE-0DBC-4B8A-A069-86FDF190C38E}.Release|Any CPU.Build.0 = Release|Any CPU
	EndGlobalSection
	GlobalSection(SolutionProperties) = preSolution
		HideSolutionNode = FALSE
	EndGlobalSection
	GlobalSection(ExtensibilityGlobals) = postSolution
		SolutionGuid = {1094B7C8-8119-4FC6-AF9C-77AFB39DCD77}
	EndGlobalSection
EndGlobal
